
Microsoft Visual Studio Solution File, Format Version 12.00
# Visual Studio Version 16
VisualStudioVersion = 16.0.32228.343
MinimumVisualStudioVersion = 10.0.40219.1
Project("{FAE04EC0-301F-11D3-BF4B-00C04F79EFBC}") = "ConsoleApp45", "ConsoleApp45\ConsoleApp45.csproj", "{EDDAE5F3-3E40-47E7-B68B-961D24F96C1A}"
EndProject
Global
	GlobalSection(SolutionConfigurationPlatforms) = preSolution
		Debug|Any CPU = Debug|Any CPU
		Release|Any CPU = Release|Any CPU
	EndGlobalSection
	GlobalSection(ProjectConfigurationPlatforms) = postSolution
		{EDDAE5F3-3E40-47E7-B68B-961D24F96C1A}.Debug|Any CPU.ActiveCfg = Debug|Any CPU
		{EDDAE5F3-3E40-47E7-B68B-961D24F96C1A}.Debug|Any CPU.Build.0 = Debug|Any CPU
		{EDDAE5F3-3E40-47E7-B68B-961D24F96C1A}.Release|Any CPU.ActiveCfg = Release|Any CPU
		{EDDAE5F3-3E40-47E7-B68B-961D24F96C1A}.Release|Any CPU.Build.0 = Release|Any CPU
	EndGlobalSection
	GlobalSection(SolutionProperties) = preSolution
		HideSolutionNode = FALSE
	EndGlobalSection
	GlobalSection(ExtensibilityGlobals) = postSolution
		SolutionGuid = {C27BF9F9-4E79-4E0A-A5BD-E2E75F4D90FD}
	EndGlobalSection
EndGlobal
